
Microsoft Visual Studio Solution File, Format Version 12.00
# Visual Studio Version 17
VisualStudioVersion = 17.10.35013.160
MinimumVisualStudioVersion = 10.0.40219.1
Project("{FAE04EC0-301F-11D3-BF4B-00C04F79EFBC}") = "RPG Game", "RPG Game\RPG Game.csproj", "{1C6BFBFB-E585-48B9-9AC3-1CB6FBFD619F}"
EndProject
Global
	GlobalSection(SolutionConfigurationPlatforms) = preSolution
		Debug|Any CPU = Debug|Any CPU
		Release|Any CPU = Release|Any CPU
	EndGlobalSection
	GlobalSection(ProjectConfigurationPlatforms) = postSolution
		{1C6BFBFB-E585-48B9-9AC3-1CB6FBFD619F}.Debug|Any CPU.ActiveCfg = Debug|Any CPU
		{1C6BFBFB-E585-48B9-9AC3-1CB6FBFD619F}.Debug|Any CPU.Build.0 = Debug|Any CPU
		{1C6BFBFB-E585-48B9-9AC3-1CB6FBFD619F}.Release|Any CPU.ActiveCfg = Release|Any CPU
		{1C6BFBFB-E585-48B9-9AC3-1CB6FBFD619F}.Release|Any CPU.Build.0 = Release|Any CPU
	EndGlobalSection
	GlobalSection(SolutionProperties) = preSolution
		HideSolutionNode = FALSE
	EndGlobalSection
	GlobalSection(ExtensibilityGlobals) = postSolution
		SolutionGuid = {847121F4-B1E1-4159-86D6-775A03208851}
	EndGlobalSection
EndGlobal
